
Microsoft Visual Studio Solution File, Format Version 12.00
# Visual Studio 15
VisualStudioVersion = 15.0.28307.489
MinimumVisualStudioVersion = 10.0.40219.1
Project("{FAE04EC0-301F-11D3-BF4B-00C04F79EFBC}") = "StudentExercisesAPI", "StudentExercisesAPI\StudentExercisesAPI.csproj", "{21745F40-5ED0-45F5-B0D4-1F0B05D17ADC}"
EndProject
Global
	GlobalSection(SolutionConfigurationPlatforms) = preSolution
		Debug|Any CPU = Debug|Any CPU
		Release|Any CPU = Release|Any CPU
	EndGlobalSection
	GlobalSection(ProjectConfigurationPlatforms) = postSolution
		{21745F40-5ED0-45F5-B0D4-1F0B05D17ADC}.Debug|Any CPU.ActiveCfg = Debug|Any CPU
		{21745F40-5ED0-45F5-B0D4-1F0B05D17ADC}.Debug|Any CPU.Build.0 = Debug|Any CPU
		{21745F40-5ED0-45F5-B0D4-1F0B05D17ADC}.Release|Any CPU.ActiveCfg = Release|Any CPU
		{21745F40-5ED0-45F5-B0D4-1F0B05D17ADC}.Release|Any CPU.Build.0 = Release|Any CPU
	EndGlobalSection
	GlobalSection(SolutionProperties) = preSolution
		HideSolutionNode = FALSE
	EndGlobalSection
	GlobalSection(ExtensibilityGlobals) = postSolution
		SolutionGuid = {B7513463-6895-4E3B-99B4-A993BEDE38B4}
	EndGlobalSection
EndGlobal
